
Microsoft Visual Studio Solution File, Format Version 12.00
# Visual Studio Version 16
VisualStudioVersion = 16.0.30128.74
MinimumVisualStudioVersion = 10.0.40219.1
Project("{9A19103F-16F7-4668-BE54-9A1E7A4F7556}") = "UniversityLectures", "UniversityLectures.csproj", "{2AB3B2A2-0BC5-4EC0-BEA5-7376D888BA6B}"
EndProject
Global
	GlobalSection(SolutionConfigurationPlatforms) = preSolution
		Debug|Any CPU = Debug|Any CPU
		Release|Any CPU = Release|Any CPU
	EndGlobalSection
	GlobalSection(ProjectConfigurationPlatforms) = postSolution
		{2AB3B2A2-0BC5-4EC0-BEA5-7376D888BA6B}.Debug|Any CPU.ActiveCfg = Debug|Any CPU
		{2AB3B2A2-0BC5-4EC0-BEA5-7376D888BA6B}.Debug|Any CPU.Build.0 = Debug|Any CPU
		{2AB3B2A2-0BC5-4EC0-BEA5-7376D888BA6B}.Release|Any CPU.ActiveCfg = Release|Any CPU
		{2AB3B2A2-0BC5-4EC0-BEA5-7376D888BA6B}.Release|Any CPU.Build.0 = Release|Any CPU
	EndGlobalSection
	GlobalSection(SolutionProperties) = preSolution
		HideSolutionNode = FALSE
	EndGlobalSection
	GlobalSection(ExtensibilityGlobals) = postSolution
		SolutionGuid = {A9250D6D-B47B-4CDC-8A14-7CE9A6E9A3B7}
	EndGlobalSection
EndGlobal
